
Microsoft Visual Studio Solution File, Format Version 12.00
# Visual Studio Version 16
VisualStudioVersion = 16.0.31702.278
MinimumVisualStudioVersion = 10.0.40219.1
Project("{FAE04EC0-301F-11D3-BF4B-00C04F79EFBC}") = "snakeandladder_UC1", "snakeandladder_UC1\snakeandladder_UC1.csproj", "{AC294109-B91B-486B-B212-DB3A8852046B}"
EndProject
Global
	GlobalSection(SolutionConfigurationPlatforms) = preSolution
		Debug|Any CPU = Debug|Any CPU
		Release|Any CPU = Release|Any CPU
	EndGlobalSection
	GlobalSection(ProjectConfigurationPlatforms) = postSolution
		{AC294109-B91B-486B-B212-DB3A8852046B}.Debug|Any CPU.ActiveCfg = Debug|Any CPU
		{AC294109-B91B-486B-B212-DB3A8852046B}.Debug|Any CPU.Build.0 = Debug|Any CPU
		{AC294109-B91B-486B-B212-DB3A8852046B}.Release|Any CPU.ActiveCfg = Release|Any CPU
		{AC294109-B91B-486B-B212-DB3A8852046B}.Release|Any CPU.Build.0 = Release|Any CPU
	EndGlobalSection
	GlobalSection(SolutionProperties) = preSolution
		HideSolutionNode = FALSE
	EndGlobalSection
	GlobalSection(ExtensibilityGlobals) = postSolution
		SolutionGuid = {D9B22F99-10C5-4555-A8BD-E743500255F4}
	EndGlobalSection
EndGlobal
